dependencies:
- name: cloudnative-pg
  repository: https://cloudnative-pg.github.io/charts
  version: 0.28.2
- name: ingress-nginx
  repository: https://kubernetes.github.io/ingress-nginx
  version: 4.15.0
- name: community-operator
  repository: https://mongodb.github.io/helm-charts
  version: 0.13.0
digest: sha256:5814646ce5939d8eaea37723ae57b0a0fea5ef2a6a2364998f2f3ee8e8ac7b61
generated: "2026-06-19T20:16:58.51292548+02:00"
