dependencies:
- name: cloudnative-pg
  repository: https://cloudnative-pg.github.io/charts
  version: 0.28.2
- name: ingress-nginx
  repository: https://kubernetes.github.io/ingress-nginx
  version: 4.15.0
- name: community-operator
  repository: https://mongodb.github.io/helm-charts
  version: 0.13.0
- name: shop-operator
  repository: oci://ghcr.io/shopp-ops/charts
  version: 0.1.0
digest: sha256:30947f4dcb26a6bf4daf2e9a7561e9f1d75341e48faa2f0aacdec5b62fae9b3f
generated: "2026-06-26T10:39:05.510771027+02:00"
